// !$*UTF8*$!
{
	archiveVersion = 1;
	classes = {
	};
	objectVersion = 55;
	objects = {

/* Begin PBXBuildFile section */
		04073BBA29634AAE007A4C35 /* UpdatePasswordViewController.swift in Sources */ = {isa = PBXBuildFile; fileRef = 04073BB929634AAE007A4C35 /* UpdatePasswordViewController.swift */; };
		04108B38292375C4000D2876 /* Settings.storyboard in Resources */ = {isa = PBXBuildFile; fileRef = 04108B37292375C4000D2876 /* Settings.storyboard */; };
		04108B3C29237632000D2876 /* SettingsViewController.swift in Sources */ = {isa = PBXBuildFile; fileRef = 04108B3B29237632000D2876 /* SettingsViewController.swift */; };
		04108B3F29237642000D2876 /* ProfileViewController.swift in Sources */ = {isa = PBXBuildFile; fileRef = 04108B3E29237642000D2876 /* ProfileViewController.swift */; };
		04108B432923797D000D2876 /* SettingsCell.swift in Sources */ = {isa = PBXBuildFile; fileRef = 04108B412923797D000D2876 /* SettingsCell.swift */; };
		04108B442923797D000D2876 /* SettingsCell.xib in Resources */ = {isa = PBXBuildFile; fileRef = 04108B422923797D000D2876 /* SettingsCell.xib */; };
		04108B4729238AEC000D2876 /* Settings.swift in Sources */ = {isa = PBXBuildFile; fileRef = 04108B4629238AEC000D2876 /* Settings.swift */; };
		0448C459296034E10033FE48 /* DictionaryEx.swift in Sources */ = {isa = PBXBuildFile; fileRef = 0448C458296034E10033FE48 /* DictionaryEx.swift */; };
		044AB57E296DECC500A5631C /* CGPointEx.swift in Sources */ = {isa = PBXBuildFile; fileRef = 044AB57D296DECC500A5631C /* CGPointEx.swift */; };
		044EA1BE294CD06F00FF048B /* DateEx.swift in Sources */ = {isa = PBXBuildFile; fileRef = 044EA1BD294CD06F00FF048B /* DateEx.swift */; };
		046397AD292F420F00A069F2 /* UserController.swift in Sources */ = {isa = PBXBuildFile; fileRef = 046397AC292F420F00A069F2 /* UserController.swift */; };
		046397AF292F457E00A069F2 /* Helper.swift in Sources */ = {isa = PBXBuildFile; fileRef = 046397AE292F457E00A069F2 /* Helper.swift */; };
		046397B1292F464C00A069F2 /* ProgressHUDEx.swift in Sources */ = {isa = PBXBuildFile; fileRef = 046397B0292F464C00A069F2 /* ProgressHUDEx.swift */; };
		046397B3292F48D100A069F2 /* GoogleService-Info.plist in Resources */ = {isa = PBXBuildFile; fileRef = 046397B2292F48D100A069F2 /* GoogleService-Info.plist */; };
		047E9FE2292F9C7A00E415BB /* Reachability.swift in Sources */ = {isa = PBXBuildFile; fileRef = 047E9FE1292F9C7A00E415BB /* Reachability.swift */; };
		047E9FE4292FAA1B00E415BB /* User.swift in Sources */ = {isa = PBXBuildFile; fileRef = 047E9FE3292FAA1B00E415BB /* User.swift */; };
		047E9FE6292FACF600E415BB /* FailureResponse.swift in Sources */ = {isa = PBXBuildFile; fileRef = 047E9FE5292FACF600E415BB /* FailureResponse.swift */; };
		047E9FE8293024DF00E415BB /* UserData.swift in Sources */ = {isa = PBXBuildFile; fileRef = 047E9FE7293024DF00E415BB /* UserData.swift */; };
		04801E182932B51500D015AF /* CategoriesController.swift in Sources */ = {isa = PBXBuildFile; fileRef = 04801E172932B51500D015AF /* CategoriesController.swift */; };
		04801E1A2932B7F000D015AF /* Category.swift in Sources */ = {isa = PBXBuildFile; fileRef = 04801E192932B7F000D015AF /* Category.swift */; };
		04801E1C2932B85500D015AF /* Note.swift in Sources */ = {isa = PBXBuildFile; fileRef = 04801E1B2932B85500D015AF /* Note.swift */; };
		048702532924295C004444FA /* SettingsTextFiled.swift in Sources */ = {isa = PBXBuildFile; fileRef = 048702512924295C004444FA /* SettingsTextFiled.swift */; };
		048702542924295C004444FA /* SettingsTextFiled.xib in Resources */ = {isa = PBXBuildFile; fileRef = 048702522924295C004444FA /* SettingsTextFiled.xib */; };
		0487025629243608004444FA /* UIApplicationEx.swift in Sources */ = {isa = PBXBuildFile; fileRef = 0487025529243608004444FA /* UIApplicationEx.swift */; };
		048767E929813D260086635F /* AlertEx.swift in Sources */ = {isa = PBXBuildFile; fileRef = 048767E829813D250086635F /* AlertEx.swift */; };
		048767EC2981500B0086635F /* InfoPlist.strings in Resources */ = {isa = PBXBuildFile; fileRef = 048767EE2981500B0086635F /* InfoPlist.strings */; };
		048767F129815A850086635F /* AppLanguage.swift in Sources */ = {isa = PBXBuildFile; fileRef = 048767F029815A850086635F /* AppLanguage.swift */; };
		0491641A292D191600246DA0 /* DataBaseManager.swift in Sources */ = {isa = PBXBuildFile; fileRef = 04916419292D191600246DA0 /* DataBaseManager.swift */; };
		04919D302921991100CABE34 /* AboutAppViewController.swift in Sources */ = {isa = PBXBuildFile; fileRef = 04919D2F2921991100CABE34 /* AboutAppViewController.swift */; };
		0494BE0E291C14F500CC25DE /* AppDelegate.swift in Sources */ = {isa = PBXBuildFile; fileRef = 0494BE0D291C14F500CC25DE /* AppDelegate.swift */; };
		0494BE10291C14F500CC25DE /* SceneDelegate.swift in Sources */ = {isa = PBXBuildFile; fileRef = 0494BE0F291C14F500CC25DE /* SceneDelegate.swift */; };
		0494BE15291C14F500CC25DE /* Auth.storyboard in Resources */ = {isa = PBXBuildFile; fileRef = 0494BE13291C14F500CC25DE /* Auth.storyboard */; };
		0494BE17291C14F600CC25DE /* Assets.xcassets in Resources */ = {isa = PBXBuildFile; fileRef = 0494BE16291C14F600CC25DE /* Assets.xcassets */; };
		0494BE1A291C14F600CC25DE /* LaunchScreen.storyboard in Resources */ = {isa = PBXBuildFile; fileRef = 0494BE18291C14F600CC25DE /* LaunchScreen.storyboard */; };
		0494BE27291C162800CC25DE /* GlobalConstants.swift in Sources */ = {isa = PBXBuildFile; fileRef = 0494BE26291C162800CC25DE /* GlobalConstants.swift */; };
		0494BE29291C167B00CC25DE /* UIViewControllerEx.swift in Sources */ = {isa = PBXBuildFile; fileRef = 0494BE28291C167B00CC25DE /* UIViewControllerEx.swift */; };
		0494BE2B291C16E400CC25DE /* MainNavigationViewController.swift in Sources */ = {isa = PBXBuildFile; fileRef = 0494BE2A291C16E400CC25DE /* MainNavigationViewController.swift */; };
		0494BE2E291C175A00CC25DE /* SignInViewController.swift in Sources */ = {isa = PBXBuildFile; fileRef = 0494BE2D291C175A00CC25DE /* SignInViewController.swift */; };
		0494BE32291C177D00CC25DE /* SignUpViewController.swift in Sources */ = {isa = PBXBuildFile; fileRef = 0494BE31291C177D00CC25DE /* SignUpViewController.swift */; };
		0494BE35291C1AFF00CC25DE /* CustomButton.swift in Sources */ = {isa = PBXBuildFile; fileRef = 0494BE34291C1AFF00CC25DE /* CustomButton.swift */; };
		0494BE37291C1B3B00CC25DE /* UIViewEx.swift in Sources */ = {isa = PBXBuildFile; fileRef = 0494BE36291C1B3B00CC25DE /* UIViewEx.swift */; };
		0494BE39291C1BE600CC25DE /* UIColorEx.swift in Sources */ = {isa = PBXBuildFile; fileRef = 0494BE38291C1BE600CC25DE /* UIColorEx.swift */; };
		0494BE3B291C1C1300CC25DE /* StringEx.swift in Sources */ = {isa = PBXBuildFile; fileRef = 0494BE3A291C1C1300CC25DE /* StringEx.swift */; };
		0494BE42291C1CD100CC25DE /* CustomTextFiled.swift in Sources */ = {isa = PBXBuildFile; fileRef = 0494BE40291C1CD100CC25DE /* CustomTextFiled.swift */; };
		0494BE43291C1CD100CC25DE /* CustomTextFiled.xib in Resources */ = {isa = PBXBuildFile; fileRef = 0494BE41291C1CD100CC25DE /* CustomTextFiled.xib */; };
		0494BE45291C1D1200CC25DE /* UIResponderEx.swift in Sources */ = {isa = PBXBuildFile; fileRef = 0494BE44291C1D1200CC25DE /* UIResponderEx.swift */; };
		04976C47298026C7004DB60D /* EmptyDataSet.swift in Sources */ = {isa = PBXBuildFile; fileRef = 04976C46298026C7004DB60D /* EmptyDataSet.swift */; };
		04A5FA75295F713700A1E095 /* GTCodable.swift in Sources */ = {isa = PBXBuildFile; fileRef = 04A5FA74295F713700A1E095 /* GTCodable.swift */; };
		04AF3A69DB84012D7DBC2C21 /* Pods_MyNotes.framework in Frameworks */ = {isa = PBXBuildFile; fileRef = 6D4F5CD7EA61991841ADEBD3 /* Pods_MyNotes.framework */; };
		04B1E04A291FFC7E00B9F45C /* Main.storyboard in Resources */ = {isa = PBXBuildFile; fileRef = 04B1E049291FFC7E00B9F45C /* Main.storyboard */; };
		04B1E04E291FFD1200B9F45C /* CategoriesViewController.swift in Sources */ = {isa = PBXBuildFile; fileRef = 04B1E04D291FFD1200B9F45C /* CategoriesViewController.swift */; };
		04B1E050291FFD2200B9F45C /* NewCategoryViewController.swift in Sources */ = {isa = PBXBuildFile; fileRef = 04B1E04F291FFD2200B9F45C /* NewCategoryViewController.swift */; };
		04B1E054291FFD4200B9F45C /* NewNoteViewController.swift in Sources */ = {isa = PBXBuildFile; fileRef = 04B1E053291FFD4200B9F45C /* NewNoteViewController.swift */; };
		04B1E05C292000B500B9F45C /* CategoriesCell.swift in Sources */ = {isa = PBXBuildFile; fileRef = 04B1E05A292000B500B9F45C /* CategoriesCell.swift */; };
		04B1E05D292000B500B9F45C /* CategoriesCell.xib in Resources */ = {isa = PBXBuildFile; fileRef = 04B1E05B292000B500B9F45C /* CategoriesCell.xib */; };
		04B1E061292000F100B9F45C /* GeneralTableView.swift in Sources */ = {isa = PBXBuildFile; fileRef = 04B1E060292000F100B9F45C /* GeneralTableView.swift */; };
		04B1E063292000FD00B9F45C /* GeneralTableViewCell.swift in Sources */ = {isa = PBXBuildFile; fileRef = 04B1E062292000FD00B9F45C /* GeneralTableViewCell.swift */; };
		04B1E0652920025000B9F45C /* TableViewEx.swift in Sources */ = {isa = PBXBuildFile; fileRef = 04B1E0642920025000B9F45C /* TableViewEx.swift */; };
		04B1E0672920025E00B9F45C /* CollectionViewEx.swift in Sources */ = {isa = PBXBuildFile; fileRef = 04B1E0662920025E00B9F45C /* CollectionViewEx.swift */; };
		04B90C2B292D484700D14EC1 /* Localizable.strings in Resources */ = {isa = PBXBuildFile; fileRef = 04B90C2D292D484700D14EC1 /* Localizable.strings */; };
		04B90C30292D653E00D14EC1 /* UIImageEx.swift in Sources */ = {isa = PBXBuildFile; fileRef = 04B90C2F292D653E00D14EC1 /* UIImageEx.swift */; };
		04B90C38292D721D00D14EC1 /* NotesCell.swift in Sources */ = {isa = PBXBuildFile; fileRef = 04B90C36292D721D00D14EC1 /* NotesCell.swift */; };
		04B90C39292D721D00D14EC1 /* NotesCell.xib in Resources */ = {isa = PBXBuildFile; fileRef = 04B90C37292D721D00D14EC1 /* NotesCell.xib */; };
		04B90C3B292D73A000D14EC1 /* NotesViewController.swift in Sources */ = {isa = PBXBuildFile; fileRef = 04B90C3A292D73A000D14EC1 /* NotesViewController.swift */; };
		04C148E5291E740200E91DC8 /* Roboto-Regular.ttf in Resources */ = {isa = PBXBuildFile; fileRef = 04C148E2291E740100E91DC8 /* Roboto-Regular.ttf */; };
		04C148E6291E740200E91DC8 /* Roboto-Medium.ttf in Resources */ = {isa = PBXBuildFile; fileRef = 04C148E3291E740100E91DC8 /* Roboto-Medium.ttf */; };
		04C148E7291E740200E91DC8 /* Roboto-Light.ttf in Resources */ = {isa = PBXBuildFile; fileRef = 04C148E4291E740100E91DC8 /* Roboto-Light.ttf */; };
		04C148E9291E74B800E91DC8 /* Nunito-Bold.ttf in Resources */ = {isa = PBXBuildFile; fileRef = 04C148E8291E74B800E91DC8 /* Nunito-Bold.ttf */; };
		04C148EB291E8B7600E91DC8 /* Strings.swift in Sources */ = {isa = PBXBuildFile; fileRef = 04C148EA291E8B7600E91DC8 /* Strings.swift */; };
		04C148ED291E8DC700E91DC8 /* ContainerView.swift in Sources */ = {isa = PBXBuildFile; fileRef = 04C148EC291E8DC700E91DC8 /* ContainerView.swift */; };
		04C148EF291E983400E91DC8 /* UITextFieldEx.swift in Sources */ = {isa = PBXBuildFile; fileRef = 04C148EE291E983400E91DC8 /* UITextFieldEx.swift */; };
		04D55A7F294F167B0020D329 /* AplicaionCoreData.xcdatamodeld in Sources */ = {isa = PBXBuildFile; fileRef = 04D55A7D294F167B0020D329 /* AplicaionCoreData.xcdatamodeld */; };
		04D6CFFF291EEE1000A6257A /* Quicksand-Bold.ttf in Resources */ = {isa = PBXBuildFile; fileRef = 04D6CFFE291EEE1000A6257A /* Quicksand-Bold.ttf */; };
		04E4DF272943CCE7002ACAB6 /* UIButtonEx.swift in Sources */ = {isa = PBXBuildFile; fileRef = 04E4DF262943CCE7002ACAB6 /* UIButtonEx.swift */; };
		04E67FA02942706E00B05780 /* NoteController.swift in Sources */ = {isa = PBXBuildFile; fileRef = 04E67F9F2942706E00B05780 /* NoteController.swift */; };
		04F82A3C2920276500A7C907 /* Quicksand-Medium.ttf in Resources */ = {isa = PBXBuildFile; fileRef = 04F82A3B2920276500A7C907 /* Quicksand-Medium.ttf */; };
/* End PBXBuildFile section */

/* Begin PBXFileReference section */
		04073BB929634AAE007A4C35 /* UpdatePasswordViewController.swift */ = {isa = PBXFileReference; lastKnownFileType = sourcecode.swift; path = UpdatePasswordViewController.swift; sourceTree = "<group>"; };
		04108B37292375C4000D2876 /* Settings.storyboard */ = {isa = PBXFileReference; lastKnownFileType = file.storyboard; path = Settings.storyboard; sourceTree = "<group>"; };
		04108B3B29237632000D2876 /* SettingsViewController.swift */ = {isa = PBXFileReference; lastKnownFileType = sourcecode.swift; path = SettingsViewController.swift; sourceTree = "<group>"; };
		04108B3E29237642000D2876 /* ProfileViewController.swift */ = {isa = PBXFileReference; lastKnownFileType = sourcecode.swift; path = ProfileViewController.swift; sourceTree = "<group>"; };
		04108B412923797D000D2876 /* SettingsCell.swift */ = {isa = PBXFileReference; lastKnownFileType = sourcecode.swift; path = SettingsCell.swift; sourceTree = "<group>"; };
		04108B422923797D000D2876 /* SettingsCell.xib */ = {isa = PBXFileReference; lastKnownFileType = file.xib; path = SettingsCell.xib; sourceTree = "<group>"; };
		04108B4629238AEC000D2876 /* Settings.swift */ = {isa = PBXFileReference; lastKnownFileType = sourcecode.swift; path = Settings.swift; sourceTree = "<group>"; };
		0448C458296034E10033FE48 /* DictionaryEx.swift */ = {isa = PBXFileReference; lastKnownFileType = sourcecode.swift; path = DictionaryEx.swift; sourceTree = "<group>"; };
		044AB57D296DECC500A5631C /* CGPointEx.swift */ = {isa = PBXFileReference; lastKnownFileType = sourcecode.swift; path = CGPointEx.swift; sourceTree = "<group>"; };
		044EA1BD294CD06F00FF048B /* DateEx.swift */ = {isa = PBXFileReference; lastKnownFileType = sourcecode.swift; path = DateEx.swift; sourceTree = "<group>"; };
		046397AC292F420F00A069F2 /* UserController.swift */ = {isa = PBXFileReference; lastKnownFileType = sourcecode.swift; path = UserController.swift; sourceTree = "<group>"; };
		046397AE292F457E00A069F2 /* Helper.swift */ = {isa = PBXFileReference; lastKnownFileType = sourcecode.swift; path = Helper.swift; sourceTree = "<group>"; };
		046397B0292F464C00A069F2 /* ProgressHUDEx.swift */ = {isa = PBXFileReference; lastKnownFileType = sourcecode.swift; path = ProgressHUDEx.swift; sourceTree = "<group>"; };
		046397B2292F48D100A069F2 /* GoogleService-Info.plist */ = {isa = PBXFileReference; fileEncoding = 4; lastKnownFileType = text.plist.xml; path = "GoogleService-Info.plist"; sourceTree = "<group>"; };
		047E9FE1292F9C7A00E415BB /* Reachability.swift */ = {isa = PBXFileReference; lastKnownFileType = sourcecode.swift; path = Reachability.swift; sourceTree = "<group>"; };
		047E9FE3292FAA1B00E415BB /* User.swift */ = {isa = PBXFileReference; lastKnownFileType = sourcecode.swift; path = User.swift; sourceTree = "<group>"; };
		047E9FE5292FACF600E415BB /* FailureResponse.swift */ = {isa = PBXFileReference; lastKnownFileType = sourcecode.swift; path = FailureResponse.swift; sourceTree = "<group>"; };
		047E9FE7293024DF00E415BB /* UserData.swift */ = {isa = PBXFileReference; lastKnownFileType = sourcecode.swift; path = UserData.swift; sourceTree = "<group>"; };
		04801E172932B51500D015AF /* CategoriesController.swift */ = {isa = PBXFileReference; lastKnownFileType = sourcecode.swift; path = CategoriesController.swift; sourceTree = "<group>"; };
		04801E192932B7F000D015AF /* Category.swift */ = {isa = PBXFileReference; lastKnownFileType = sourcecode.swift; path = Category.swift; sourceTree = "<group>"; };
		04801E1B2932B85500D015AF /* Note.swift */ = {isa = PBXFileReference; lastKnownFileType = sourcecode.swift; path = Note.swift; sourceTree = "<group>"; };
		048702512924295C004444FA /* SettingsTextFiled.swift */ = {isa = PBXFileReference; lastKnownFileType = sourcecode.swift; path = SettingsTextFiled.swift; sourceTree = "<group>"; };
		048702522924295C004444FA /* SettingsTextFiled.xib */ = {isa = PBXFileReference; lastKnownFileType = file.xib; path = SettingsTextFiled.xib; sourceTree = "<group>"; };
		0487025529243608004444FA /* UIApplicationEx.swift */ = {isa = PBXFileReference; lastKnownFileType = sourcecode.swift; path = UIApplicationEx.swift; sourceTree = "<group>"; };
		048767E829813D250086635F /* AlertEx.swift */ = {isa = PBXFileReference; lastKnownFileType = sourcecode.swift; path = AlertEx.swift; sourceTree = "<group>"; };
		048767ED2981500B0086635F /* en */ = {isa = PBXFileReference; lastKnownFileType = text.plist.strings; name = en; path = en.lproj/InfoPlist.strings; sourceTree = "<group>"; };
		048767EF2981500D0086635F /* ar */ = {isa = PBXFileReference; lastKnownFileType = text.plist.strings; name = ar; path = ar.lproj/InfoPlist.strings; sourceTree = "<group>"; };
		048767F029815A850086635F /* AppLanguage.swift */ = {isa = PBXFileReference; lastKnownFileType = sourcecode.swift; path = AppLanguage.swift; sourceTree = "<group>"; };
		04916419292D191600246DA0 /* DataBaseManager.swift */ = {isa = PBXFileReference; lastKnownFileType = sourcecode.swift; path = DataBaseManager.swift; sourceTree = "<group>"; };
		04919D2F2921991100CABE34 /* AboutAppViewController.swift */ = {isa = PBXFileReference; lastKnownFileType = sourcecode.swift; path = AboutAppViewController.swift; sourceTree = "<group>"; };
		0494BE0A291C14F500CC25DE /* MyNotes.app */ = {isa = PBXFileReference; explicitFileType = wrapper.application; includeInIndex = 0; path = MyNotes.app; sourceTree = BUILT_PRODUCTS_DIR; };
		0494BE0D291C14F500CC25DE /* AppDelegate.swift */ = {isa = PBXFileReference; lastKnownFileType = sourcecode.swift; path = AppDelegate.swift; sourceTree = "<group>"; };
		0494BE0F291C14F500CC25DE /* SceneDelegate.swift */ = {isa = PBXFileReference; lastKnownFileType = sourcecode.swift; path = SceneDelegate.swift; sourceTree = "<group>"; };
		0494BE14291C14F500CC25DE /* Base */ = {isa = PBXFileReference; lastKnownFileType = file.storyboard; name = Base; path = Base.lproj/Auth.storyboard; sourceTree = "<group>"; };
		0494BE16291C14F600CC25DE /* Assets.xcassets */ = {isa = PBXFileReference; lastKnownFileType = folder.assetcatalog; path = Assets.xcassets; sourceTree = "<group>"; };
		0494BE19291C14F600CC25DE /* Base */ = {isa = PBXFileReference; lastKnownFileType = file.storyboard; name = Base; path = Base.lproj/LaunchScreen.storyboard; sourceTree = "<group>"; };
		0494BE1B291C14F600CC25DE /* Info.plist */ = {isa = PBXFileReference; lastKnownFileType = text.plist.xml; path = Info.plist; sourceTree = "<group>"; };
		0494BE26291C162800CC25DE /* GlobalConstants.swift */ = {isa = PBXFileReference; lastKnownFileType = sourcecode.swift; path = GlobalConstants.swift; sourceTree = "<group>"; };
		0494BE28291C167B00CC25DE /* UIViewControllerEx.swift */ = {isa = PBXFileReference; lastKnownFileType = sourcecode.swift; path = UIViewControllerEx.swift; sourceTree = "<group>"; };
		0494BE2A291C16E400CC25DE /* MainNavigationViewController.swift */ = {isa = PBXFileReference; lastKnownFileType = sourcecode.swift; path = MainNavigationViewController.swift; sourceTree = "<group>"; };
		0494BE2D291C175A00CC25DE /* SignInViewController.swift */ = {isa = PBXFileReference; lastKnownFileType = sourcecode.swift; path = SignInViewController.swift; sourceTree = "<group>"; };
		0494BE31291C177D00CC25DE /* SignUpViewController.swift */ = {isa = PBXFileReference; lastKnownFileType = sourcecode.swift; path = SignUpViewController.swift; sourceTree = "<group>"; };
		0494BE34291C1AFF00CC25DE /* CustomButton.swift */ = {isa = PBXFileReference; lastKnownFileType = sourcecode.swift; path = CustomButton.swift; sourceTree = "<group>"; };
		0494BE36291C1B3B00CC25DE /* UIViewEx.swift */ = {isa = PBXFileReference; lastKnownFileType = sourcecode.swift; path = UIViewEx.swift; sourceTree = "<group>"; };
		0494BE38291C1BE600CC25DE /* UIColorEx.swift */ = {isa = PBXFileReference; lastKnownFileType = sourcecode.swift; path = UIColorEx.swift; sourceTree = "<group>"; };
		0494BE3A291C1C1300CC25DE /* StringEx.swift */ = {isa = PBXFileReference; lastKnownFileType = sourcecode.swift; path = StringEx.swift; sourceTree = "<group>"; };
		0494BE40291C1CD100CC25DE /* CustomTextFiled.swift */ = {isa = PBXFileReference; lastKnownFileType = sourcecode.swift; path = CustomTextFiled.swift; sourceTree = "<group>"; };
		0494BE41291C1CD100CC25DE /* CustomTextFiled.xib */ = {isa = PBXFileReference; lastKnownFileType = file.xib; path = CustomTextFiled.xib; sourceTree = "<group>"; };
		0494BE44291C1D1200CC25DE /* UIResponderEx.swift */ = {isa = PBXFileReference; lastKnownFileType = sourcecode.swift; path = UIResponderEx.swift; sourceTree = "<group>"; };
		04976C46298026C7004DB60D /* EmptyDataSet.swift */ = {isa = PBXFileReference; lastKnownFileType = sourcecode.swift; path = EmptyDataSet.swift; sourceTree = "<group>"; };
		04A5FA74295F713700A1E095 /* GTCodable.swift */ = {isa = PBXFileReference; lastKnownFileType = sourcecode.swift; path = GTCodable.swift; sourceTree = "<group>"; };
		04B1E049291FFC7E00B9F45C /* Main.storyboard */ = {isa = PBXFileReference; lastKnownFileType = file.storyboard; path = Main.storyboard; sourceTree = "<group>"; };
		04B1E04D291FFD1200B9F45C /* CategoriesViewController.swift */ = {isa = PBXFileReference; lastKnownFileType = sourcecode.swift; path = CategoriesViewController.swift; sourceTree = "<group>"; };
		04B1E04F291FFD2200B9F45C /* NewCategoryViewController.swift */ = {isa = PBXFileReference; lastKnownFileType = sourcecode.swift; path = NewCategoryViewController.swift; sourceTree = "<group>"; };
		04B1E053291FFD4200B9F45C /* NewNoteViewController.swift */ = {isa = PBXFileReference; lastKnownFileType = sourcecode.swift; path = NewNoteViewController.swift; sourceTree = "<group>"; };
		04B1E05A292000B500B9F45C /* CategoriesCell.swift */ = {isa = PBXFileReference; lastKnownFileType = sourcecode.swift; path = CategoriesCell.swift; sourceTree = "<group>"; };
		04B1E05B292000B500B9F45C /* CategoriesCell.xib */ = {isa = PBXFileReference; lastKnownFileType = file.xib; path = CategoriesCell.xib; sourceTree = "<group>"; };
		04B1E060292000F100B9F45C /* GeneralTableView.swift */ = {isa = PBXFileReference; lastKnownFileType = sourcecode.swift; path = GeneralTableView.swift; sourceTree = "<group>"; };
		04B1E062292000FD00B9F45C /* GeneralTableViewCell.swift */ = {isa = PBXFileReference; lastKnownFileType = sourcecode.swift; path = GeneralTableViewCell.swift; sourceTree = "<group>"; };
		04B1E0642920025000B9F45C /* TableViewEx.swift */ = {isa = PBXFileReference; lastKnownFileType = sourcecode.swift; path = TableViewEx.swift; sourceTree = "<group>"; };
		04B1E0662920025E00B9F45C /* CollectionViewEx.swift */ = {isa = PBXFileReference; lastKnownFileType = sourcecode.swift; path = CollectionViewEx.swift; sourceTree = "<group>"; };
		04B90C2C292D484700D14EC1 /* en */ = {isa = PBXFileReference; lastKnownFileType = text.plist.strings; name = en; path = en.lproj/Localizable.strings; sourceTree = "<group>"; };
		04B90C2E292D484F00D14EC1 /* ar */ = {isa = PBXFileReference; lastKnownFileType = text.plist.strings; name = ar; path = ar.lproj/Localizable.strings; sourceTree = "<group>"; };
		04B90C2F292D653E00D14EC1 /* UIImageEx.swift */ = {isa = PBXFileReference; lastKnownFileType = sourcecode.swift; path = UIImageEx.swift; sourceTree = "<group>"; };
		04B90C36292D721D00D14EC1 /* NotesCell.swift */ = {isa = PBXFileReference; lastKnownFileType = sourcecode.swift; path = NotesCell.swift; sourceTree = "<group>"; };
		04B90C37292D721D00D14EC1 /* NotesCell.xib */ = {isa = PBXFileReference; lastKnownFileType = file.xib; path = NotesCell.xib; sourceTree = "<group>"; };
		04B90C3A292D73A000D14EC1 /* NotesViewController.swift */ = {isa = PBXFileReference; lastKnownFileType = sourcecode.swift; path = NotesViewController.swift; sourceTree = "<group>"; };
		04C148E2291E740100E91DC8 /* Roboto-Regular.ttf */ = {isa = PBXFileReference; lastKnownFileType = file; path = "Roboto-Regular.ttf"; sourceTree = "<group>"; };
		04C148E3291E740100E91DC8 /* Roboto-Medium.ttf */ = {isa = PBXFileReference; lastKnownFileType = file; path = "Roboto-Medium.ttf"; sourceTree = "<group>"; };
		04C148E4291E740100E91DC8 /* Roboto-Light.ttf */ = {isa = PBXFileReference; lastKnownFileType = file; path = "Roboto-Light.ttf"; sourceTree = "<group>"; };
		04C148E8291E74B800E91DC8 /* Nunito-Bold.ttf */ = {isa = PBXFileReference; lastKnownFileType = file; path = "Nunito-Bold.ttf"; sourceTree = "<group>"; };
		04C148EA291E8B7600E91DC8 /* Strings.swift */ = {isa = PBXFileReference; lastKnownFileType = sourcecode.swift; path = Strings.swift; sourceTree = "<group>"; };
		04C148EC291E8DC700E91DC8 /* ContainerView.swift */ = {isa = PBXFileReference; lastKnownFileType = sourcecode.swift; path = ContainerView.swift; sourceTree = "<group>"; };
		04C148EE291E983400E91DC8 /* UITextFieldEx.swift */ = {isa = PBXFileReference; lastKnownFileType = sourcecode.swift; path = UITextFieldEx.swift; sourceTree = "<group>"; };
		04D55A7E294F167B0020D329 /* AplicaionCoreData.xcdatamodel */ = {isa = PBXFileReference; lastKnownFileType = wrapper.xcdatamodel; path = AplicaionCoreData.xcdatamodel; sourceTree = "<group>"; };
		04D6CFFE291EEE1000A6257A /* Quicksand-Bold.ttf */ = {isa = PBXFileReference; lastKnownFileType = file; path = "Quicksand-Bold.ttf"; sourceTree = "<group>"; };
		04E4DF262943CCE7002ACAB6 /* UIButtonEx.swift */ = {isa = PBXFileReference; lastKnownFileType = sourcecode.swift; path = UIButtonEx.swift; sourceTree = "<group>"; };
		04E67F9F2942706E00B05780 /* NoteController.swift */ = {isa = PBXFileReference; lastKnownFileType = sourcecode.swift; path = NoteController.swift; sourceTree = "<group>"; };
		04F82A3B2920276500A7C907 /* Quicksand-Medium.ttf */ = {isa = PBXFileReference; lastKnownFileType = file; path = "Quicksand-Medium.ttf"; sourceTree = "<group>"; };
		6D4F5CD7EA61991841ADEBD3 /* Pods_MyNotes.framework */ = {isa = PBXFileReference; explicitFileType = wrapper.framework; includeInIndex = 0; path = Pods_MyNotes.framework; sourceTree = BUILT_PRODUCTS_DIR; };
		AC2EFFD82138A5A8510069F1 /* Pods-MyNotes.debug.xcconfig */ = {isa = PBXFileReference; includeInIndex = 1; lastKnownFileType = text.xcconfig; name = "Pods-MyNotes.debug.xcconfig"; path = "Target Support Files/Pods-MyNotes/Pods-MyNotes.debug.xcconfig"; sourceTree = "<group>"; };
		DCD4634F6E07F836CCFCD800 /* Pods-MyNotes.release.xcconfig */ = {isa = PBXFileReference; includeInIndex = 1; lastKnownFileType = text.xcconfig; name = "Pods-MyNotes.release.xcconfig"; path = "Target Support Files/Pods-MyNotes/Pods-MyNotes.release.xcconfig"; sourceTree = "<group>"; };
/* End PBXFileReference section */

/* Begin PBXFrameworksBuildPhase section */
		0494BE07291C14F500CC25DE /* Frameworks */ = {
			isa = PBXFrameworksBuildPhase;
			buildActionMask = 2147483647;
			files = (
				04AF3A69DB84012D7DBC2C21 /* Pods_MyNotes.framework in Frameworks */,
			);
			runOnlyForDeploymentPostprocessing = 0;
		};
/* End PBXFrameworksBuildPhase section */

/* Begin PBXGroup section */
		04073BB829634A70007A4C35 /* Update Password */ = {
			isa = PBXGroup;
			children = (
				04073BB929634AAE007A4C35 /* UpdatePasswordViewController.swift */,
			);
			path = "Update Password";
			sourceTree = "<group>";
		};
		04108B3929237616000D2876 /* Settings */ = {
			isa = PBXGroup;
			children = (
				04073BB829634A70007A4C35 /* Update Password */,
				04108B3D29237639000D2876 /* Profile */,
				04108B3A29237629000D2876 /* Settings */,
			);
			path = Settings;
			sourceTree = "<group>";
		};
		04108B3A29237629000D2876 /* Settings */ = {
			isa = PBXGroup;
			children = (
				04108B3B29237632000D2876 /* SettingsViewController.swift */,
			);
			path = Settings;
			sourceTree = "<group>";
		};
		04108B3D29237639000D2876 /* Profile */ = {
			isa = PBXGroup;
			children = (
				04108B3E29237642000D2876 /* ProfileViewController.swift */,
			);
			path = Profile;
			sourceTree = "<group>";
		};
		04108B402923795B000D2876 /* Settings */ = {
			isa = PBXGroup;
			children = (
				04108B412923797D000D2876 /* SettingsCell.swift */,
				04108B422923797D000D2876 /* SettingsCell.xib */,
			);
			path = Settings;
			sourceTree = "<group>";
		};
		04108B4529238A94000D2876 /* Models */ = {
			isa = PBXGroup;
			children = (
				04108B4629238AEC000D2876 /* Settings.swift */,
				047E9FE3292FAA1B00E415BB /* User.swift */,
				04801E192932B7F000D015AF /* Category.swift */,
				04801E1B2932B85500D015AF /* Note.swift */,
				04D55A7D294F167B0020D329 /* AplicaionCoreData.xcdatamodeld */,
			);
			path = Models;
			sourceTree = "<group>";
		};
		046397AB292F41F600A069F2 /* WebServices */ = {
			isa = PBXGroup;
			children = (
				046397AC292F420F00A069F2 /* UserController.swift */,
				047E9FE5292FACF600E415BB /* FailureResponse.swift */,
				04801E172932B51500D015AF /* CategoriesController.swift */,
				04E67F9F2942706E00B05780 /* NoteController.swift */,
			);
			path = WebServices;
			sourceTree = "<group>";
		};
		047E9FE0292F9C6700E415BB /* Helper */ = {
			isa = PBXGroup;
			children = (
				046397AE292F457E00A069F2 /* Helper.swift */,
				047E9FE1292F9C7A00E415BB /* Reachability.swift */,
				047E9FE7293024DF00E415BB /* UserData.swift */,
			);
			path = Helper;
			sourceTree = "<group>";
		};
		0487024F29242938004444FA /* SettingsTextFiled */ = {
			isa = PBXGroup;
			children = (
				048702512924295C004444FA /* SettingsTextFiled.swift */,
				048702522924295C004444FA /* SettingsTextFiled.xib */,
			);
			path = SettingsTextFiled;
			sourceTree = "<group>";
		};
		04916416292D18F000246DA0 /* Libs */ = {
			isa = PBXGroup;
			children = (
				04916419292D191600246DA0 /* DataBaseManager.swift */,
				04976C46298026C7004DB60D /* EmptyDataSet.swift */,
				048767F029815A850086635F /* AppLanguage.swift */,
			);
			path = Libs;
			sourceTree = "<group>";
		};
		04919D312921991A00CABE34 /* AboutApp */ = {
			isa = PBXGroup;
			children = (
				04919D2F2921991100CABE34 /* AboutAppViewController.swift */,
			);
			path = AboutApp;
			sourceTree = "<group>";
		};
		0494BE01291C14F500CC25DE = {
			isa = PBXGroup;
			children = (
				0494BE0C291C14F500CC25DE /* MyNotes */,
				0494BE0B291C14F500CC25DE /* Products */,
				B8BAE0A997607FB7CB944E1A /* Pods */,
				2BDA1C4FDDE361FB3B958534 /* Frameworks */,
			);
			sourceTree = "<group>";
		};
		0494BE0B291C14F500CC25DE /* Products */ = {
			isa = PBXGroup;
			children = (
				0494BE0A291C14F500CC25DE /* MyNotes.app */,
			);
			name = Products;
			sourceTree = "<group>";
		};
		0494BE0C291C14F500CC25DE /* MyNotes */ = {
			isa = PBXGroup;
			children = (
				0494BE0D291C14F500CC25DE /* AppDelegate.swift */,
				0494BE0F291C14F500CC25DE /* SceneDelegate.swift */,
				0494BE22291C15D300CC25DE /* Storyboards */,
				0494BE23291C15DB00CC25DE /* ViewControllers */,
				0494BE24291C15E300CC25DE /* Utils */,
				04108B4529238A94000D2876 /* Models */,
				046397AB292F41F600A069F2 /* WebServices */,
				0494BE21291C152300CC25DE /* SupportingFiles */,
			);
			path = MyNotes;
			sourceTree = "<group>";
		};
		0494BE21291C152300CC25DE /* SupportingFiles */ = {
			isa = PBXGroup;
			children = (
				04C148E1291E73DD00E91DC8 /* Fonts */,
				046397B2292F48D100A069F2 /* GoogleService-Info.plist */,
				0494BE16291C14F600CC25DE /* Assets.xcassets */,
				0494BE1B291C14F600CC25DE /* Info.plist */,
				04B90C2D292D484700D14EC1 /* Localizable.strings */,
				048767EE2981500B0086635F /* InfoPlist.strings */,
			);
			path = SupportingFiles;
			sourceTree = "<group>";
		};
		0494BE22291C15D300CC25DE /* Storyboards */ = {
			isa = PBXGroup;
			children = (
				0494BE18291C14F600CC25DE /* LaunchScreen.storyboard */,
				0494BE13291C14F500CC25DE /* Auth.storyboard */,
				04B1E049291FFC7E00B9F45C /* Main.storyboard */,
				04108B37292375C4000D2876 /* Settings.storyboard */,
			);
			path = Storyboards;
			sourceTree = "<group>";
		};
		0494BE23291C15DB00CC25DE /* ViewControllers */ = {
			isa = PBXGroup;
			children = (
				0494BE3D291C1C9D00CC25DE /* Xibs */,
				0494BE2A291C16E400CC25DE /* MainNavigationViewController.swift */,
				04B1E04B291FFCAA00B9F45C /* Auth */,
				04B1E04C291FFCB800B9F45C /* Main */,
				04108B3929237616000D2876 /* Settings */,
			);
			path = ViewControllers;
			sourceTree = "<group>";
		};
		0494BE24291C15E300CC25DE /* Utils */ = {
			isa = PBXGroup;
			children = (
				04C148EA291E8B7600E91DC8 /* Strings.swift */,
				0494BE26291C162800CC25DE /* GlobalConstants.swift */,
				047E9FE0292F9C6700E415BB /* Helper */,
				0494BE33291C1ADB00CC25DE /* Designables */,
				04916416292D18F000246DA0 /* Libs */,
				0494BE25291C15EF00CC25DE /* Extensions */,
			);
			path = Utils;
			sourceTree = "<group>";
		};
		0494BE25291C15EF00CC25DE /* Extensions */ = {
			isa = PBXGroup;
			children = (
				0487025529243608004444FA /* UIApplicationEx.swift */,
				0494BE44291C1D1200CC25DE /* UIResponderEx.swift */,
				0494BE28291C167B00CC25DE /* UIViewControllerEx.swift */,
				0494BE36291C1B3B00CC25DE /* UIViewEx.swift */,
				04C148EE291E983400E91DC8 /* UITextFieldEx.swift */,
				04B90C2F292D653E00D14EC1 /* UIImageEx.swift */,
				0494BE38291C1BE600CC25DE /* UIColorEx.swift */,
				0494BE3A291C1C1300CC25DE /* StringEx.swift */,
				04B1E0642920025000B9F45C /* TableViewEx.swift */,
				04B1E0662920025E00B9F45C /* CollectionViewEx.swift */,
				046397B0292F464C00A069F2 /* ProgressHUDEx.swift */,
				04E4DF262943CCE7002ACAB6 /* UIButtonEx.swift */,
				044EA1BD294CD06F00FF048B /* DateEx.swift */,
				04A5FA74295F713700A1E095 /* GTCodable.swift */,
				044AB57D296DECC500A5631C /* CGPointEx.swift */,
				0448C458296034E10033FE48 /* DictionaryEx.swift */,
				048767E829813D250086635F /* AlertEx.swift */,
			);
			path = Extensions;
			sourceTree = "<group>";
		};
		0494BE2C291C173F00CC25DE /* SignIn */ = {
			isa = PBXGroup;
			children = (
				0494BE2D291C175A00CC25DE /* SignInViewController.swift */,
			);
			path = SignIn;
			sourceTree = "<group>";
		};
		0494BE2F291C176A00CC25DE /* SignUp */ = {
			isa = PBXGroup;
			children = (
				0494BE31291C177D00CC25DE /* SignUpViewController.swift */,
			);
			path = SignUp;
			sourceTree = "<group>";
		};
		0494BE33291C1ADB00CC25DE /* Designables */ = {
			isa = PBXGroup;
			children = (
				04B1E05F292000DB00B9F45C /* GeneralTableView */,
				0494BE34291C1AFF00CC25DE /* CustomButton.swift */,
				04C148EC291E8DC700E91DC8 /* ContainerView.swift */,
			);
			path = Designables;
			sourceTree = "<group>";
		};
		0494BE3D291C1C9D00CC25DE /* Xibs */ = {
			isa = PBXGroup;
			children = (
				04B1E0592920007800B9F45C /* TableViewCells */,
				0494BE3E291C1CA500CC25DE /* View */,
			);
			path = Xibs;
			sourceTree = "<group>";
		};
		0494BE3E291C1CA500CC25DE /* View */ = {
			isa = PBXGroup;
			children = (
				0487024F29242938004444FA /* SettingsTextFiled */,
				0494BE3F291C1CAB00CC25DE /* CustomTextFiled */,
			);
			path = View;
			sourceTree = "<group>";
		};
		0494BE3F291C1CAB00CC25DE /* CustomTextFiled */ = {
			isa = PBXGroup;
			children = (
				0494BE40291C1CD100CC25DE /* CustomTextFiled.swift */,
				0494BE41291C1CD100CC25DE /* CustomTextFiled.xib */,
			);
			path = CustomTextFiled;
			sourceTree = "<group>";
		};
		04B1E04B291FFCAA00B9F45C /* Auth */ = {
			isa = PBXGroup;
			children = (
				0494BE2F291C176A00CC25DE /* SignUp */,
				0494BE2C291C173F00CC25DE /* SignIn */,
			);
			path = Auth;
			sourceTree = "<group>";
		};
		04B1E04C291FFCB800B9F45C /* Main */ = {
			isa = PBXGroup;
			children = (
				04919D312921991A00CABE34 /* AboutApp */,
				04B1E058291FFD8300B9F45C /* New Note */,
				04B1E057291FFD7400B9F45C /* Notes */,
				04B1E056291FFD6600B9F45C /* New Category */,
				04B1E055291FFD6000B9F45C /* Categories */,
			);
			path = Main;
			sourceTree = "<group>";
		};
		04B1E055291FFD6000B9F45C /* Categories */ = {
			isa = PBXGroup;
			children = (
				04B1E04D291FFD1200B9F45C /* CategoriesViewController.swift */,
			);
			path = Categories;
			sourceTree = "<group>";
		};
		04B1E056291FFD6600B9F45C /* New Category */ = {
			isa = PBXGroup;
			children = (
				04B1E04F291FFD2200B9F45C /* NewCategoryViewController.swift */,
			);
			path = "New Category";
			sourceTree = "<group>";
		};
		04B1E057291FFD7400B9F45C /* Notes */ = {
			isa = PBXGroup;
			children = (
				04B90C3A292D73A000D14EC1 /* NotesViewController.swift */,
			);
			path = Notes;
			sourceTree = "<group>";
		};
		04B1E058291FFD8300B9F45C /* New Note */ = {
			isa = PBXGroup;
			children = (
				04B1E053291FFD4200B9F45C /* NewNoteViewController.swift */,
			);
			path = "New Note";
			sourceTree = "<group>";
		};
		04B1E0592920007800B9F45C /* TableViewCells */ = {
			isa = PBXGroup;
			children = (
				04B90C31292D71AF00D14EC1 /* Notes */,
				04108B402923795B000D2876 /* Settings */,
				04B1E05E292000BC00B9F45C /* Categories */,
			);
			path = TableViewCells;
			sourceTree = "<group>";
		};
		04B1E05E292000BC00B9F45C /* Categories */ = {
			isa = PBXGroup;
			children = (
				04B1E05A292000B500B9F45C /* CategoriesCell.swift */,
				04B1E05B292000B500B9F45C /* CategoriesCell.xib */,
			);
			path = Categories;
			sourceTree = "<group>";
		};
		04B1E05F292000DB00B9F45C /* GeneralTableView */ = {
			isa = PBXGroup;
			children = (
				04B1E060292000F100B9F45C /* GeneralTableView.swift */,
				04B1E062292000FD00B9F45C /* GeneralTableViewCell.swift */,
			);
			path = GeneralTableView;
			sourceTree = "<group>";
		};
		04B90C31292D71AF00D14EC1 /* Notes */ = {
			isa = PBXGroup;
			children = (
				04B90C36292D721D00D14EC1 /* NotesCell.swift */,
				04B90C37292D721D00D14EC1 /* NotesCell.xib */,
			);
			path = Notes;
			sourceTree = "<group>";
		};
		04C148E1291E73DD00E91DC8 /* Fonts */ = {
			isa = PBXGroup;
			children = (
				04F82A3B2920276500A7C907 /* Quicksand-Medium.ttf */,
				04D6CFFE291EEE1000A6257A /* Quicksand-Bold.ttf */,
				04C148E8291E74B800E91DC8 /* Nunito-Bold.ttf */,
				04C148E4291E740100E91DC8 /* Roboto-Light.ttf */,
				04C148E3291E740100E91DC8 /* Roboto-Medium.ttf */,
				04C148E2291E740100E91DC8 /* Roboto-Regular.ttf */,
			);
			path = Fonts;
			sourceTree = "<group>";
		};
		2BDA1C4FDDE361FB3B958534 /* Frameworks */ = {
			isa = PBXGroup;
			children = (
				6D4F5CD7EA61991841ADEBD3 /* Pods_MyNotes.framework */,
			);
			name = Frameworks;
			sourceTree = "<group>";
		};
		B8BAE0A997607FB7CB944E1A /* Pods */ = {
			isa = PBXGroup;
			children = (
				AC2EFFD82138A5A8510069F1 /* Pods-MyNotes.debug.xcconfig */,
				DCD4634F6E07F836CCFCD800 /* Pods-MyNotes.release.xcconfig */,
			);
			path = Pods;
			sourceTree = "<group>";
		};
/* End PBXGroup section */

/* Begin PBXNativeTarget section */
		0494BE09291C14F500CC25DE /* MyNotes */ = {
			isa = PBXNativeTarget;
			buildConfigurationList = 0494BE1E291C14F600CC25DE /* Build configuration list for PBXNativeTarget "MyNotes" */;
			buildPhases = (
				694CFAEFE4A152EFB0237B92 /* [CP] Check Pods Manifest.lock */,
				0494BE06291C14F500CC25DE /* Sources */,
				0494BE07291C14F500CC25DE /* Frameworks */,
				0494BE08291C14F500CC25DE /* Resources */,
				09F8D5DABD57D44A5EE8249C /* [CP] Embed Pods Frameworks */,
			);
			buildRules = (
			);
			dependencies = (
			);
			name = MyNotes;
			productName = MyNotes;
			productReference = 0494BE0A291C14F500CC25DE /* MyNotes.app */;
			productType = "com.apple.product-type.application";
		};
/* End PBXNativeTarget section */

/* Begin PBXProject section */
		0494BE02291C14F500CC25DE /* Project object */ = {
			isa = PBXProject;
			attributes = {
				BuildIndependentTargetsInParallel = 1;
				LastSwiftUpdateCheck = 1400;
				LastUpgradeCheck = 1400;
				TargetAttributes = {
					0494BE09291C14F500CC25DE = {
						CreatedOnToolsVersion = 14.0;
					};
				};
			};
			buildConfigurationList = 0494BE05291C14F500CC25DE /* Build configuration list for PBXProject "MyNotes" */;
			compatibilityVersion = "Xcode 13.0";
			developmentRegion = en;
			hasScannedForEncodings = 0;
			knownRegions = (
				en,
				Base,
				ar,
			);
			mainGroup = 0494BE01291C14F500CC25DE;
			productRefGroup = 0494BE0B291C14F500CC25DE /* Products */;
			projectDirPath = "";
			projectRoot = "";
			targets = (
				0494BE09291C14F500CC25DE /* MyNotes */,
			);
		};
/* End PBXProject section */

/* Begin PBXResourcesBuildPhase section */
		0494BE08291C14F500CC25DE /* Resources */ = {
			isa = PBXResourcesBuildPhase;
			buildActionMask = 2147483647;
			files = (
				04B90C2B292D484700D14EC1 /* Localizable.strings in Resources */,
				048702542924295C004444FA /* SettingsTextFiled.xib in Resources */,
				0494BE43291C1CD100CC25DE /* CustomTextFiled.xib in Resources */,
				04B1E05D292000B500B9F45C /* CategoriesCell.xib in Resources */,
				04B1E04A291FFC7E00B9F45C /* Main.storyboard in Resources */,
				0494BE1A291C14F600CC25DE /* LaunchScreen.storyboard in Resources */,
				04C148E6291E740200E91DC8 /* Roboto-Medium.ttf in Resources */,
				04F82A3C2920276500A7C907 /* Quicksand-Medium.ttf in Resources */,
				04C148E5291E740200E91DC8 /* Roboto-Regular.ttf in Resources */,
				04D6CFFF291EEE1000A6257A /* Quicksand-Bold.ttf in Resources */,
				048767EC2981500B0086635F /* InfoPlist.strings in Resources */,
				04108B442923797D000D2876 /* SettingsCell.xib in Resources */,
				046397B3292F48D100A069F2 /* GoogleService-Info.plist in Resources */,
				04C148E7291E740200E91DC8 /* Roboto-Light.ttf in Resources */,
				0494BE17291C14F600CC25DE /* Assets.xcassets in Resources */,
				04C148E9291E74B800E91DC8 /* Nunito-Bold.ttf in Resources */,
				0494BE15291C14F500CC25DE /* Auth.storyboard in Resources */,
				04108B38292375C4000D2876 /* Settings.storyboard in Resources */,
				04B90C39292D721D00D14EC1 /* NotesCell.xib in Resources */,
			);
			runOnlyForDeploymentPostprocessing = 0;
		};
/* End PBXResourcesBuildPhase section */

/* Begin PBXShellScriptBuildPhase section */
		09F8D5DABD57D44A5EE8249C /* [CP] Embed Pods Frameworks */ = {
			isa = PBXShellScriptBuildPhase;
			buildActionMask = 2147483647;
			files = (
			);
			inputFileListPaths = (
				"${PODS_ROOT}/Target Support Files/Pods-MyNotes/Pods-MyNotes-frameworks-${CONFIGURATION}-input-files.xcfilelist",
			);
			name = "[CP] Embed Pods Frameworks";
			outputFileListPaths = (
				"${PODS_ROOT}/Target Support Files/Pods-MyNotes/Pods-MyNotes-frameworks-${CONFIGURATION}-output-files.xcfilelist",
			);
			runOnlyForDeploymentPostprocessing = 0;
			shellPath = /bin/sh;
			shellScript = "\"${PODS_ROOT}/Target Support Files/Pods-MyNotes/Pods-MyNotes-frameworks.sh\"\n";
			showEnvVarsInLog = 0;
		};
		694CFAEFE4A152EFB0237B92 /* [CP] Check Pods Manifest.lock */ = {
			isa = PBXShellScriptBuildPhase;
			buildActionMask = 2147483647;
			files = (
			);
			inputFileListPaths = (
			);
			inputPaths = (
				"${PODS_PODFILE_DIR_PATH}/Podfile.lock",
				"${PODS_ROOT}/Manifest.lock",
			);
			name = "[CP] Check Pods Manifest.lock";
			outputFileListPaths = (
			);
			outputPaths = (
				"$(DERIVED_FILE_DIR)/Pods-MyNotes-checkManifestLockResult.txt",
			);
			runOnlyForDeploymentPostprocessing = 0;
			shellPath = /bin/sh;
			shellScript = "diff \"${PODS_PODFILE_DIR_PATH}/Podfile.lock\" \"${PODS_ROOT}/Manifest.lock\" > /dev/null\nif [ $? != 0 ] ; then\n    # print error to STDERR\n    echo \"error: The sandbox is not in sync with the Podfile.lock. Run 'pod install' or update your CocoaPods installation.\" >&2\n    exit 1\nfi\n# This output is used by Xcode 'outputs' to avoid re-running this script phase.\necho \"SUCCESS\" > \"${SCRIPT_OUTPUT_FILE_0}\"\n";
			showEnvVarsInLog = 0;
		};
/* End PBXShellScriptBuildPhase section */

/* Begin PBXSourcesBuildPhase section */
		0494BE06291C14F500CC25DE /* Sources */ = {
			isa = PBXSourcesBuildPhase;
			buildActionMask = 2147483647;
			files = (
				046397AD292F420F00A069F2 /* UserController.swift in Sources */,
				04B1E0672920025E00B9F45C /* CollectionViewEx.swift in Sources */,
				044AB57E296DECC500A5631C /* CGPointEx.swift in Sources */,
				0494BE42291C1CD100CC25DE /* CustomTextFiled.swift in Sources */,
				04801E182932B51500D015AF /* CategoriesController.swift in Sources */,
				04D55A7F294F167B0020D329 /* AplicaionCoreData.xcdatamodeld in Sources */,
				04B1E050291FFD2200B9F45C /* NewCategoryViewController.swift in Sources */,
				047E9FE6292FACF600E415BB /* FailureResponse.swift in Sources */,
				0494BE2B291C16E400CC25DE /* MainNavigationViewController.swift in Sources */,
				04B1E063292000FD00B9F45C /* GeneralTableViewCell.swift in Sources */,
				04C148EF291E983400E91DC8 /* UITextFieldEx.swift in Sources */,
				0494BE45291C1D1200CC25DE /* UIResponderEx.swift in Sources */,
				04B90C3B292D73A000D14EC1 /* NotesViewController.swift in Sources */,
				04073BBA29634AAE007A4C35 /* UpdatePasswordViewController.swift in Sources */,
				04B1E054291FFD4200B9F45C /* NewNoteViewController.swift in Sources */,
				048767F129815A850086635F /* AppLanguage.swift in Sources */,
				0494BE32291C177D00CC25DE /* SignUpViewController.swift in Sources */,
				04B1E04E291FFD1200B9F45C /* CategoriesViewController.swift in Sources */,
				04A5FA75295F713700A1E095 /* GTCodable.swift in Sources */,
				0494BE37291C1B3B00CC25DE /* UIViewEx.swift in Sources */,
				04919D302921991100CABE34 /* AboutAppViewController.swift in Sources */,
				04801E1C2932B85500D015AF /* Note.swift in Sources */,
				04801E1A2932B7F000D015AF /* Category.swift in Sources */,
				048702532924295C004444FA /* SettingsTextFiled.swift in Sources */,
				04976C47298026C7004DB60D /* EmptyDataSet.swift in Sources */,
				04C148ED291E8DC700E91DC8 /* ContainerView.swift in Sources */,
				046397B1292F464C00A069F2 /* ProgressHUDEx.swift in Sources */,
				04108B3F29237642000D2876 /* ProfileViewController.swift in Sources */,
				04108B432923797D000D2876 /* SettingsCell.swift in Sources */,
				048767E929813D260086635F /* AlertEx.swift in Sources */,
				04E4DF272943CCE7002ACAB6 /* UIButtonEx.swift in Sources */,
				047E9FE4292FAA1B00E415BB /* User.swift in Sources */,
				04E67FA02942706E00B05780 /* NoteController.swift in Sources */,
				04B90C38292D721D00D14EC1 /* NotesCell.swift in Sources */,
				0487025629243608004444FA /* UIApplicationEx.swift in Sources */,
				0494BE29291C167B00CC25DE /* UIViewControllerEx.swift in Sources */,
				04C148EB291E8B7600E91DC8 /* Strings.swift in Sources */,
				046397AF292F457E00A069F2 /* Helper.swift in Sources */,
				0494BE2E291C175A00CC25DE /* SignInViewController.swift in Sources */,
				0494BE3B291C1C1300CC25DE /* StringEx.swift in Sources */,
				04B1E061292000F100B9F45C /* GeneralTableView.swift in Sources */,
				04108B4729238AEC000D2876 /* Settings.swift in Sources */,
				04B1E05C292000B500B9F45C /* CategoriesCell.swift in Sources */,
				0494BE35291C1AFF00CC25DE /* CustomButton.swift in Sources */,
				0448C459296034E10033FE48 /* DictionaryEx.swift in Sources */,
				047E9FE2292F9C7A00E415BB /* Reachability.swift in Sources */,
				0491641A292D191600246DA0 /* DataBaseManager.swift in Sources */,
				0494BE0E291C14F500CC25DE /* AppDelegate.swift in Sources */,
				04B1E0652920025000B9F45C /* TableViewEx.swift in Sources */,
				047E9FE8293024DF00E415BB /* UserData.swift in Sources */,
				04B90C30292D653E00D14EC1 /* UIImageEx.swift in Sources */,
				04108B3C29237632000D2876 /* SettingsViewController.swift in Sources */,
				044EA1BE294CD06F00FF048B /* DateEx.swift in Sources */,
				0494BE27291C162800CC25DE /* GlobalConstants.swift in Sources */,
				0494BE39291C1BE600CC25DE /* UIColorEx.swift in Sources */,
				0494BE10291C14F500CC25DE /* SceneDelegate.swift in Sources */,
			);
			runOnlyForDeploymentPostprocessing = 0;
		};
/* End PBXSourcesBuildPhase section */

/* Begin PBXVariantGroup section */
		048767EE2981500B0086635F /* InfoPlist.strings */ = {
			isa = PBXVariantGroup;
			children = (
				048767ED2981500B0086635F /* en */,
				048767EF2981500D0086635F /* ar */,
			);
			name = InfoPlist.strings;
			sourceTree = "<group>";
		};
		0494BE13291C14F500CC25DE /* Auth.storyboard */ = {
			isa = PBXVariantGroup;
			children = (
				0494BE14291C14F500CC25DE /* Base */,
			);
			name = Auth.storyboard;
			sourceTree = "<group>";
		};
		0494BE18291C14F600CC25DE /* LaunchScreen.storyboard */ = {
			isa = PBXVariantGroup;
			children = (
				0494BE19291C14F600CC25DE /* Base */,
			);
			name = LaunchScreen.storyboard;
			sourceTree = "<group>";
		};
		04B90C2D292D484700D14EC1 /* Localizable.strings */ = {
			isa = PBXVariantGroup;
			children = (
				04B90C2C292D484700D14EC1 /* en */,
				04B90C2E292D484F00D14EC1 /* ar */,
			);
			name = Localizable.strings;
			sourceTree = "<group>";
		};
/* End PBXVariantGroup section */

/* Begin XCBuildConfiguration section */
		0494BE1C291C14F600CC25DE /* Debug */ = {
			isa = XCBuildConfiguration;
			buildSettings = {
				ALWAYS_SEARCH_USER_PATHS = NO;
				CLANG_ANALYZER_LOCALIZABILITY_NONLOCALIZED = YES;
				CLANG_ANALYZER_NONNULL = YES;
				CLANG_ANALYZER_NUMBER_OBJECT_CONVERSION = YES_AGGRESSIVE;
				CLANG_CXX_LANGUAGE_STANDARD = "gnu++20";
				CLANG_ENABLE_MODULES = YES;
				CLANG_ENABLE_OBJC_ARC = YES;
				CLANG_ENABLE_OBJC_WEAK = YES;
				CLANG_WARN_BLOCK_CAPTURE_AUTORELEASING = YES;
				CLANG_WARN_BOOL_CONVERSION = YES;
				CLANG_WARN_COMMA = YES;
				CLANG_WARN_CONSTANT_CONVERSION = YES;
				CLANG_WARN_DEPRECATED_OBJC_IMPLEMENTATIONS = YES;
				CLANG_WARN_DIRECT_OBJC_ISA_USAGE = YES_ERROR;
				CLANG_WARN_DOCUMENTATION_COMMENTS = YES;
				CLANG_WARN_EMPTY_BODY = YES;
				CLANG_WARN_ENUM_CONVERSION = YES;
				CLANG_WARN_INFINITE_RECURSION = YES;
				CLANG_WARN_INT_CONVERSION = YES;
				CLANG_WARN_NON_LITERAL_NULL_CONVERSION = YES;
				CLANG_WARN_OBJC_IMPLICIT_RETAIN_SELF = YES;
				CLANG_WARN_OBJC_LITERAL_CONVERSION = YES;
				CLANG_WARN_OBJC_ROOT_CLASS = YES_ERROR;
				CLANG_WARN_QUOTED_INCLUDE_IN_FRAMEWORK_HEADER = YES;
				CLANG_WARN_RANGE_LOOP_ANALYSIS = YES;
				CLANG_WARN_STRICT_PROTOTYPES = YES;
				CLANG_WARN_SUSPICIOUS_MOVE = YES;
				CLANG_WARN_UNGUARDED_AVAILABILITY = YES_AGGRESSIVE;
				CLANG_WARN_UNREACHABLE_CODE = YES;
				CLANG_WARN__DUPLICATE_METHOD_MATCH = YES;
				COPY_PHASE_STRIP = NO;
				DEBUG_INFORMATION_FORMAT = dwarf;
				ENABLE_STRICT_OBJC_MSGSEND = YES;
				ENABLE_TESTABILITY = YES;
				GCC_C_LANGUAGE_STANDARD = gnu11;
				GCC_DYNAMIC_NO_PIC = NO;
				GCC_NO_COMMON_BLOCKS = YES;
				GCC_OPTIMIZATION_LEVEL = 0;
				GCC_PREPROCESSOR_DEFINITIONS = (
					"DEBUG=1",
					"$(inherited)",
				);
				GCC_WARN_64_TO_32_BIT_CONVERSION = YES;
				GCC_WARN_ABOUT_RETURN_TYPE = YES_ERROR;
				GCC_WARN_UNDECLARED_SELECTOR = YES;
				GCC_WARN_UNINITIALIZED_AUTOS = YES_AGGRESSIVE;
				GCC_WARN_UNUSED_FUNCTION = YES;
				GCC_WARN_UNUSED_VARIABLE = YES;
				IPHONEOS_DEPLOYMENT_TARGET = 15.0;
				MTL_ENABLE_DEBUG_INFO = INCLUDE_SOURCE;
				MTL_FAST_MATH = YES;
				ONLY_ACTIVE_ARCH = YES;
				SDKROOT = iphoneos;
				SWIFT_ACTIVE_COMPILATION_CONDITIONS = DEBUG;
				SWIFT_OPTIMIZATION_LEVEL = "-Onone";
			};
			name = Debug;
		};
		0494BE1D291C14F600CC25DE /* Release */ = {
			isa = XCBuildConfiguration;
			buildSettings = {
				ALWAYS_SEARCH_USER_PATHS = NO;
				CLANG_ANALYZER_LOCALIZABILITY_NONLOCALIZED = YES;
				CLANG_ANALYZER_NONNULL = YES;
				CLANG_ANALYZER_NUMBER_OBJECT_CONVERSION = YES_AGGRESSIVE;
				CLANG_CXX_LANGUAGE_STANDARD = "gnu++20";
				CLANG_ENABLE_MODULES = YES;
				CLANG_ENABLE_OBJC_ARC = YES;
				CLANG_ENABLE_OBJC_WEAK = YES;
				CLANG_WARN_BLOCK_CAPTURE_AUTORELEASING = YES;
				CLANG_WARN_BOOL_CONVERSION = YES;
				CLANG_WARN_COMMA = YES;
				CLANG_WARN_CONSTANT_CONVERSION = YES;
				CLANG_WARN_DEPRECATED_OBJC_IMPLEMENTATIONS = YES;
				CLANG_WARN_DIRECT_OBJC_ISA_USAGE = YES_ERROR;
				CLANG_WARN_DOCUMENTATION_COMMENTS = YES;
				CLANG_WARN_EMPTY_BODY = YES;
				CLANG_WARN_ENUM_CONVERSION = YES;
				CLANG_WARN_INFINITE_RECURSION = YES;
				CLANG_WARN_INT_CONVERSION = YES;
				CLANG_WARN_NON_LITERAL_NULL_CONVERSION = YES;
				CLANG_WARN_OBJC_IMPLICIT_RETAIN_SELF = YES;
				CLANG_WARN_OBJC_LITERAL_CONVERSION = YES;
				CLANG_WARN_OBJC_ROOT_CLASS = YES_ERROR;
				CLANG_WARN_QUOTED_INCLUDE_IN_FRAMEWORK_HEADER = YES;
				CLANG_WARN_RANGE_LOOP_ANALYSIS = YES;
				CLANG_WARN_STRICT_PROTOTYPES = YES;
				CLANG_WARN_SUSPICIOUS_MOVE = YES;
				CLANG_WARN_UNGUARDED_AVAILABILITY = YES_AGGRESSIVE;
				CLANG_WARN_UNREACHABLE_CODE = YES;
				CLANG_WARN__DUPLICATE_METHOD_MATCH = YES;
				COPY_PHASE_STRIP = NO;
				DEBUG_INFORMATION_FORMAT = "dwarf-with-dsym";
				ENABLE_NS_ASSERTIONS = NO;
				ENABLE_STRICT_OBJC_MSGSEND = YES;
				GCC_C_LANGUAGE_STANDARD = gnu11;
				GCC_NO_COMMON_BLOCKS = YES;
				GCC_WARN_64_TO_32_BIT_CONVERSION = YES;
				GCC_WARN_ABOUT_RETURN_TYPE = YES_ERROR;
				GCC_WARN_UNDECLARED_SELECTOR = YES;
				GCC_WARN_UNINITIALIZED_AUTOS = YES_AGGRESSIVE;
				GCC_WARN_UNUSED_FUNCTION = YES;
				GCC_WARN_UNUSED_VARIABLE = YES;
				IPHONEOS_DEPLOYMENT_TARGET = 15.0;
				MTL_ENABLE_DEBUG_INFO = NO;
				MTL_FAST_MATH = YES;
				SDKROOT = iphoneos;
				SWIFT_COMPILATION_MODE = wholemodule;
				SWIFT_OPTIMIZATION_LEVEL = "-O";
				VALIDATE_PRODUCT = YES;
			};
			name = Release;
		};
		0494BE1F291C14F600CC25DE /* Debug */ = {
			isa = XCBuildConfiguration;
			baseConfigurationReference = AC2EFFD82138A5A8510069F1 /* Pods-MyNotes.debug.xcconfig */;
			buildSettings = {
				ASSETCATALOG_COMPILER_APPICON_NAME = AppIcon;
				ASSETCATALOG_COMPILER_GLOBAL_ACCENT_COLOR_NAME = AccentColor;
				CODE_SIGN_STYLE = Automatic;
				CURRENT_PROJECT_VERSION = 1;
				DEVELOPMENT_TEAM = 5FC86J7QRY;
				GENERATE_INFOPLIST_FILE = YES;
				INFOPLIST_FILE = MyNotes/SupportingFiles/Info.plist;
				INFOPLIST_KEY_UIApplicationSupportsIndirectInputEvents = YES;
				INFOPLIST_KEY_UILaunchStoryboardName = LaunchScreen;
				INFOPLIST_KEY_UIMainStoryboardFile = Auth;
				INFOPLIST_KEY_UISupportedInterfaceOrientations = UIInterfaceOrientationPortrait;
				INFOPLIST_KEY_UISupportedInterfaceOrientations_iPad = "UIInterfaceOrientationLandscapeLeft UIInterfaceOrientationLandscapeRight UIInterfaceOrientationPortrait UIInterfaceOrientationPortraitUpsideDown";
				IPHONEOS_DEPLOYMENT_TARGET = 15.0;
				LD_RUNPATH_SEARCH_PATHS = (
					"$(inherited)",
					"@executable_path/Frameworks",
				);
				MARKETING_VERSION = 1.0;
				PRODUCT_BUNDLE_IDENTIFIER = "anwar-alhayek.MyNotes";
				PRODUCT_NAME = "$(TARGET_NAME)";
				SUPPORTED_PLATFORMS = "iphoneos iphonesimulator";
				SUPPORTS_MACCATALYST = NO;
				SUPPORTS_MAC_DESIGNED_FOR_IPHONE_IPAD = NO;
				SWIFT_EMIT_LOC_STRINGS = YES;
				SWIFT_VERSION = 5.0;
				TARGETED_DEVICE_FAMILY = 1;
			};
			name = Debug;
		};
		0494BE20291C14F600CC25DE /* Release */ = {
			isa = XCBuildConfiguration;
			baseConfigurationReference = DCD4634F6E07F836CCFCD800 /* Pods-MyNotes.release.xcconfig */;
			buildSettings = {
				ASSETCATALOG_COMPILER_APPICON_NAME = AppIcon;
				ASSETCATALOG_COMPILER_GLOBAL_ACCENT_COLOR_NAME = AccentColor;
				CODE_SIGN_STYLE = Automatic;
				CURRENT_PROJECT_VERSION = 1;
				DEVELOPMENT_TEAM = 5FC86J7QRY;
				GENERATE_INFOPLIST_FILE = YES;
				INFOPLIST_FILE = MyNotes/SupportingFiles/Info.plist;
				INFOPLIST_KEY_UIApplicationSupportsIndirectInputEvents = YES;
				INFOPLIST_KEY_UILaunchStoryboardName = LaunchScreen;
				INFOPLIST_KEY_UIMainStoryboardFile = Auth;
				INFOPLIST_KEY_UISupportedInterfaceOrientations = UIInterfaceOrientationPortrait;
				INFOPLIST_KEY_UISupportedInterfaceOrientations_iPad = "UIInterfaceOrientationLandscapeLeft UIInterfaceOrientationLandscapeRight UIInterfaceOrientationPortrait UIInterfaceOrientationPortraitUpsideDown";
				IPHONEOS_DEPLOYMENT_TARGET = 15.0;
				LD_RUNPATH_SEARCH_PATHS = (
					"$(inherited)",
					"@executable_path/Frameworks",
				);
				MARKETING_VERSION = 1.0;
				PRODUCT_BUNDLE_IDENTIFIER = "anwar-alhayek.MyNotes";
				PRODUCT_NAME = "$(TARGET_NAME)";
				SUPPORTED_PLATFORMS = "iphoneos iphonesimulator";
				SUPPORTS_MACCATALYST = NO;
				SUPPORTS_MAC_DESIGNED_FOR_IPHONE_IPAD = NO;
				SWIFT_EMIT_LOC_STRINGS = YES;
				SWIFT_VERSION = 5.0;
				TARGETED_DEVICE_FAMILY = 1;
			};
			name = Release;
		};
/* End XCBuildConfiguration section */

/* Begin XCConfigurationList section */
		0494BE05291C14F500CC25DE /* Build configuration list for PBXProject "MyNotes" */ = {
			isa = XCConfigurationList;
			buildConfigurations = (
				0494BE1C291C14F600CC25DE /* Debug */,
				0494BE1D291C14F600CC25DE /* Release */,
			);
			defaultConfigurationIsVisible = 0;
			defaultConfigurationName = Release;
		};
		0494BE1E291C14F600CC25DE /* Build configuration list for PBXNativeTarget "MyNotes" */ = {
			isa = XCConfigurationList;
			buildConfigurations = (
				0494BE1F291C14F600CC25DE /* Debug */,
				0494BE20291C14F600CC25DE /* Release */,
			);
			defaultConfigurationIsVisible = 0;
			defaultConfigurationName = Release;
		};
/* End XCConfigurationList section */

/* Begin XCVersionGroup section */
		04D55A7D294F167B0020D329 /* AplicaionCoreData.xcdatamodeld */ = {
			isa = XCVersionGroup;
			children = (
				04D55A7E294F167B0020D329 /* AplicaionCoreData.xcdatamodel */,
			);
			currentVersion = 04D55A7E294F167B0020D329 /* AplicaionCoreData.xcdatamodel */;
			path = AplicaionCoreData.xcdatamodeld;
			sourceTree = "<group>";
			versionGroupType = wrapper.xcdatamodel;
		};
/* End XCVersionGroup section */
	};
	rootObject = 0494BE02291C14F500CC25DE /* Project object */;
}
